
Microsoft Visual Studio Solution File, Format Version 12.00
# Visual Studio Version 17
VisualStudioVersion = 17.3.32922.545
MinimumVisualStudioVersion = 10.0.40219.1
Project("{9A19103F-16F7-4668-BE54-9A1E7A4F7556}") = "ObiletJourney.Core", "Core\ObiletJourney.Core\ObiletJourney.Core.csproj", "{B92A842C-3E1C-4277-9CA7-458C505756CB}"
EndProject
Project("{FAE04EC0-301F-11D3-BF4B-00C04F79EFBC}") = "ObiletJourney.Web", "Presentation\ObiletJourney.Web\ObiletJourney.Web.csproj", "{9D0121E3-C612-4F84-8791-68992A99AD04}"
EndProject
Project("{FAE04EC0-301F-11D3-BF4B-00C04F79EFBC}") = "ObiletJourney.Business", "ObiletJourney.Business\ObiletJourney.Business.csproj", "{31DBEC44-BE10-4B41-9E57-DCABB232C599}"
EndProject
Global
	GlobalSection(SolutionConfigurationPlatforms) = preSolution
		Debug|Any CPU = Debug|Any CPU
		Release|Any CPU = Release|Any CPU
	EndGlobalSection
	GlobalSection(ProjectConfigurationPlatforms) = postSolution
		{B92A842C-3E1C-4277-9CA7-458C505756CB}.Debug|Any CPU.ActiveCfg = Debug|Any CPU
		{B92A842C-3E1C-4277-9CA7-458C505756CB}.Debug|Any CPU.Build.0 = Debug|Any CPU
		{B92A842C-3E1C-4277-9CA7-458C505756CB}.Release|Any CPU.ActiveCfg = Release|Any CPU
		{B92A842C-3E1C-4277-9CA7-458C505756CB}.Release|Any CPU.Build.0 = Release|Any CPU
		{9D0121E3-C612-4F84-8791-68992A99AD04}.Debug|Any CPU.ActiveCfg = Debug|Any CPU
		{9D0121E3-C612-4F84-8791-68992A99AD04}.Debug|Any CPU.Build.0 = Debug|Any CPU
		{9D0121E3-C612-4F84-8791-68992A99AD04}.Release|Any CPU.ActiveCfg = Release|Any CPU
		{9D0121E3-C612-4F84-8791-68992A99AD04}.Release|Any CPU.Build.0 = Release|Any CPU
		{31DBEC44-BE10-4B41-9E57-DCABB232C599}.Debug|Any CPU.ActiveCfg = Debug|Any CPU
		{31DBEC44-BE10-4B41-9E57-DCABB232C599}.Debug|Any CPU.Build.0 = Debug|Any CPU
		{31DBEC44-BE10-4B41-9E57-DCABB232C599}.Release|Any CPU.ActiveCfg = Release|Any CPU
		{31DBEC44-BE10-4B41-9E57-DCABB232C599}.Release|Any CPU.Build.0 = Release|Any CPU
	EndGlobalSection
	GlobalSection(SolutionProperties) = preSolution
		HideSolutionNode = FALSE
	EndGlobalSection
	GlobalSection(ExtensibilityGlobals) = postSolution
		SolutionGuid = {2D46AEE4-6926-47BD-9216-E109125BF050}
	EndGlobalSection
EndGlobal
